
Microsoft Visual Studio Solution File, Format Version 12.00
# Visual Studio Version 17
VisualStudioVersion = 17.8.34408.163
MinimumVisualStudioVersion = 10.0.40219.1
Project("{FAE04EC0-301F-11D3-BF4B-00C04F79EFBC}") = "Scalp Checker", "Scalp Checker\Scalp Checker.csproj", "{82EE1D57-B811-4C18-A215-C25454948C66}"
EndProject
Global
	GlobalSection(SolutionConfigurationPlatforms) = preSolution
		Debug|Any CPU = Debug|Any CPU
		Release|Any CPU = Release|Any CPU
	EndGlobalSection
	GlobalSection(ProjectConfigurationPlatforms) = postSolution
		{82EE1D57-B811-4C18-A215-C25454948C66}.Debug|Any CPU.ActiveCfg = Debug|Any CPU
		{82EE1D57-B811-4C18-A215-C25454948C66}.Debug|Any CPU.Build.0 = Debug|Any CPU
		{82EE1D57-B811-4C18-A215-C25454948C66}.Release|Any CPU.ActiveCfg = Release|Any CPU
		{82EE1D57-B811-4C18-A215-C25454948C66}.Release|Any CPU.Build.0 = Release|Any CPU
	EndGlobalSection
	GlobalSection(SolutionProperties) = preSolution
		HideSolutionNode = FALSE
	EndGlobalSection
	GlobalSection(ExtensibilityGlobals) = postSolution
		SolutionGuid = {90C4E01A-D865-4A1A-BE7C-48693F1EF726}
	EndGlobalSection
EndGlobal
